// !$*UTF8*$!
{
	archiveVersion = 1;
	classes = {
	};
	objectVersion = 46;
	objects = {

/* Begin PBXBuildFile section */
		96AEAD971F063BA1003D89E9 /* AppDelegate.swift in Sources */ = {isa = PBXBuildFile; fileRef = 96AEAD961F063BA1003D89E9 /* AppDelegate.swift */; };
		96AEAD991F063BA1003D89E9 /* ViewController.swift in Sources */ = {isa = PBXBuildFile; fileRef = 96AEAD981F063BA1003D89E9 /* ViewController.swift */; };
		96AEAD9C1F063BA1003D89E9 /* Main.storyboard in Resources */ = {isa = PBXBuildFile; fileRef = 96AEAD9A1F063BA1003D89E9 /* Main.storyboard */; };
		96AEAD9E1F063BA1003D89E9 /* Assets.xcassets in Resources */ = {isa = PBXBuildFile; fileRef = 96AEAD9D1F063BA1003D89E9 /* Assets.xcassets */; };
		96AEADA11F063BA1003D89E9 /* LaunchScreen.storyboard in Resources */ = {isa = PBXBuildFile; fileRef = 96AEAD9F1F063BA1003D89E9 /* LaunchScreen.storyboard */; };
		96AEADAD1F063CA9003D89E9 /* SJThread.m in Sources */ = {isa = PBXBuildFile; fileRef = 96AEADAC1F063CA9003D89E9 /* SJThread.m */; };
/* End PBXBuildFile section */

/* Begin PBXFileReference section */
		96AEAD931F063BA1003D89E9 /* SJRunLoopDemo1.app */ = {isa = PBXFileReference; explicitFileType = wrapper.application; includeInIndex = 0; path = SJRunLoopDemo1.app; sourceTree = BUILT_PRODUCTS_DIR; };
		96AEAD961F063BA1003D89E9 /* AppDelegate.swift */ = {isa = PBXFileReference; lastKnownFileType = sourcecode.swift; path = AppDelegate.swift; sourceTree = "<group>"; };
		96AEAD981F063BA1003D89E9 /* ViewController.swift */ = {isa = PBXFileReference; lastKnownFileType = sourcecode.swift; path = ViewController.swift; sourceTree = "<group>"; };
		96AEAD9B1F063BA1003D89E9 /* Base */ = {isa = PBXFileReference; lastKnownFileType = file.storyboard; name = Base; path = Base.lproj/Main.storyboard; sourceTree = "<group>"; };
		96AEAD9D1F063BA1003D89E9 /* Assets.xcassets */ = {isa = PBXFileReference; lastKnownFileType = folder.assetcatalog; path = Assets.xcassets; sourceTree = "<group>"; };
		96AEADA01F063BA1003D89E9 /* Base */ = {isa = PBXFileReference; lastKnownFileType = file.storyboard; name = Base; path = Base.lproj/LaunchScreen.storyboard; sourceTree = "<group>"; };
		96AEADA21F063BA1003D89E9 /* Info.plist */ = {isa = PBXFileReference; lastKnownFileType = text.plist.xml; path = Info.plist; sourceTree = "<group>"; };
		96AEADAA1F063CA8003D89E9 /* SJRunLoopDemo1-Bridging-Header.h */ = {isa = PBXFileReference; lastKnownFileType = sourcecode.c.h; path = "SJRunLoopDemo1-Bridging-Header.h"; sourceTree = "<group>"; };
		96AEADAB1F063CA9003D89E9 /* SJThread.h */ = {isa = PBXFileReference; fileEncoding = 4; lastKnownFileType = sourcecode.c.h; path = SJThread.h; sourceTree = "<group>"; };
		96AEADAC1F063CA9003D89E9 /* SJThread.m */ = {isa = PBXFileReference; fileEncoding = 4; lastKnownFileType = sourcecode.c.objc; path = SJThread.m; sourceTree = "<group>"; };
/* End PBXFileReference section */

/* Begin PBXFrameworksBuildPhase section */
		96AEAD901F063BA1003D89E9 /* Frameworks */ = {
			isa = PBXFrameworksBuildPhase;
			buildActionMask = 2147483647;
			files = (
			);
			runOnlyForDeploymentPostprocessing = 0;
		};
/* End PBXFrameworksBuildPhase section */

/* Begin PBXGroup section */
		96AEAD8A1F063BA1003D89E9 = {
			isa = PBXGroup;
			children = (
				96AEAD951F063BA1003D89E9 /* SJRunLoopDemo1 */,
				96AEAD941F063BA1003D89E9 /* Products */,
			);
			sourceTree = "<group>";
		};
		96AEAD941F063BA1003D89E9 /* Products */ = {
			isa = PBXGroup;
			children = (
				96AEAD931F063BA1003D89E9 /* SJRunLoopDemo1.app */,
			);
			name = Products;
			sourceTree = "<group>";
		};
		96AEAD951F063BA1003D89E9 /* SJRunLoopDemo1 */ = {
			isa = PBXGroup;
			children = (
				96AEAD961F063BA1003D89E9 /* AppDelegate.swift */,
				96AEAD981F063BA1003D89E9 /* ViewController.swift */,
				96AEAD9A1F063BA1003D89E9 /* Main.storyboard */,
				96AEAD9D1F063BA1003D89E9 /* Assets.xcassets */,
				96AEAD9F1F063BA1003D89E9 /* LaunchScreen.storyboard */,
				96AEADA21F063BA1003D89E9 /* Info.plist */,
				96AEADAB1F063CA9003D89E9 /* SJThread.h */,
				96AEADAC1F063CA9003D89E9 /* SJThread.m */,
				96AEADAA1F063CA8003D89E9 /* SJRunLoopDemo1-Bridging-Header.h */,
			);
			path = SJRunLoopDemo1;
			sourceTree = "<group>";
		};
/* End PBXGroup section */

/* Begin PBXNativeTarget section */
		96AEAD921F063BA1003D89E9 /* SJRunLoopDemo1 */ = {
			isa = PBXNativeTarget;
			buildConfigurationList = 96AEADA51F063BA1003D89E9 /* Build configuration list for PBXNativeTarget "SJRunLoopDemo1" */;
			buildPhases = (
				96AEAD8F1F063BA1003D89E9 /* Sources */,
				96AEAD901F063BA1003D89E9 /* Frameworks */,
				96AEAD911F063BA1003D89E9 /* Resources */,
			);
			buildRules = (
			);
			dependencies = (
			);
			name = SJRunLoopDemo1;
			productName = SJRunLoopDemo1;
			productReference = 96AEAD931F063BA1003D89E9 /* SJRunLoopDemo1.app */;
			productType = "com.apple.product-type.application";
		};
/* End PBXNativeTarget section */

/* Begin PBXProject section */
		96AEAD8B1F063BA1003D89E9 /* Project object */ = {
			isa = PBXProject;
			attributes = {
				LastSwiftUpdateCheck = 0830;
				LastUpgradeCheck = 0830;
				ORGANIZATIONNAME = sdp;
				TargetAttributes = {
					96AEAD921F063BA1003D89E9 = {
						CreatedOnToolsVersion = 8.3.3;
						LastSwiftMigration = 0830;
						ProvisioningStyle = Automatic;
					};
				};
			};
			buildConfigurationList = 96AEAD8E1F063BA1003D89E9 /* Build configuration list for PBXProject "SJRunLoopDemo1" */;
			compatibilityVersion = "Xcode 3.2";
			developmentRegion = English;
			hasScannedForEncodings = 0;
			knownRegions = (
				en,
				Base,
			);
			mainGroup = 96AEAD8A1F063BA1003D89E9;
			productRefGroup = 96AEAD941F063BA1003D89E9 /* Products */;
			projectDirPath = "";
			projectRoot = "";
			targets = (
				96AEAD921F063BA1003D89E9 /* SJRunLoopDemo1 */,
			);
		};
/* End PBXProject section */

/* Begin PBXResourcesBuildPhase section */
		96AEAD911F063BA1003D89E9 /* Resources */ = {
			isa = PBXResourcesBuildPhase;
			buildActionMask = 2147483647;
			files = (
				96AEADA11F063BA1003D89E9 /* LaunchScreen.storyboard in Resources */,
				96AEAD9E1F063BA1003D89E9 /* Assets.xcassets in Resources */,
				96AEAD9C1F063BA1003D89E9 /* Main.storyboard in Resources */,
			);
			runOnlyForDeploymentPostprocessing = 0;
		};
/* End PBXResourcesBuildPhase section */

/* Begin PBXSourcesBuildPhase section */
		96AEAD8F1F063BA1003D89E9 /* Sources */ = {
			isa = PBXSourcesBuildPhase;
			buildActionMask = 2147483647;
			files = (
				96AEAD991F063BA1003D89E9 /* ViewController.swift in Sources */,
				96AEAD971F063BA1003D89E9 /* AppDelegate.swift in Sources */,
				96AEADAD1F063CA9003D89E9 /* SJThread.m in Sources */,
			);
			runOnlyForDeploymentPostprocessing = 0;
		};
/* End PBXSourcesBuildPhase section */

/* Begin PBXVariantGroup section */
		96AEAD9A1F063BA1003D89E9 /* Main.storyboard */ = {
			isa = PBXVariantGroup;
			children = (
				96AEAD9B1F063BA1003D89E9 /* Base */,
			);
			name = Main.storyboard;
			sourceTree = "<group>";
		};
		96AEAD9F1F063BA1003D89E9 /* LaunchScreen.storyboard */ = {
			isa = PBXVariantGroup;
			children = (
				96AEADA01F063BA1003D89E9 /* Base */,
			);
			name = LaunchScreen.storyboard;
			sourceTree = "<group>";
		};
/* End PBXVariantGroup section */

/* Begin XCBuildConfiguration section */
		96AEADA31F063BA1003D89E9 /* Debug */ = {
			isa = XCBuildConfiguration;
			buildSettings = {
				ALWAYS_SEARCH_USER_PATHS = NO;
				CLANG_ANALYZER_NONNULL = YES;
				CLANG_ANALYZER_NUMBER_OBJECT_CONVERSION = YES_AGGRESSIVE;
				CLANG_CXX_LANGUAGE_STANDARD = "gnu++0x";
				CLANG_CXX_LIBRARY = "libc++";
				CLANG_ENABLE_MODULES = YES;
				CLANG_ENABLE_OBJC_ARC = YES;
				CLANG_WARN_BOOL_CONVERSION = YES;
				CLANG_WARN_CONSTANT_CONVERSION = YES;
				CLANG_WARN_DIRECT_OBJC_ISA_USAGE = YES_ERROR;
				CLANG_WARN_DOCUMENTATION_COMMENTS = YES;
				CLANG_WARN_EMPTY_BODY = YES;
				CLANG_WARN_ENUM_CONVERSION = YES;
				CLANG_WARN_INFINITE_RECURSION = YES;
				CLANG_WARN_INT_CONVERSION = YES;
				CLANG_WARN_OBJC_ROOT_CLASS = YES_ERROR;
				CLANG_WARN_SUSPICIOUS_MOVE = YES;
				CLANG_WARN_UNREACHABLE_CODE = YES;
				CLANG_WARN__DUPLICATE_METHOD_MATCH = YES;
				"CODE_SIGN_IDENTITY[sdk=iphoneos*]" = "iPhone Developer";
				COPY_PHASE_STRIP = NO;
				DEBUG_INFORMATION_FORMAT = dwarf;
				ENABLE_STRICT_OBJC_MSGSEND = YES;
				ENABLE_TESTABILITY = YES;
				GCC_C_LANGUAGE_STANDARD = gnu99;
				GCC_DYNAMIC_NO_PIC = NO;
				GCC_NO_COMMON_BLOCKS = YES;
				GCC_OPTIMIZATION_LEVEL = 0;
				GCC_PREPROCESSOR_DEFINITIONS = (
					"DEBUG=1",
					"$(inherited)",
				);
				GCC_WARN_64_TO_32_BIT_CONVERSION = YES;
				GCC_WARN_ABOUT_RETURN_TYPE = YES_ERROR;
				GCC_WARN_UNDECLARED_SELECTOR = YES;
				GCC_WARN_UNINITIALIZED_AUTOS = YES_AGGRESSIVE;
				GCC_WARN_UNUSED_FUNCTION = YES;
				GCC_WARN_UNUSED_VARIABLE = YES;
				IPHONEOS_DEPLOYMENT_TARGET = 10.3;
				MTL_ENABLE_DEBUG_INFO = YES;
				ONLY_ACTIVE_ARCH = YES;
				SDKROOT = iphoneos;
				SWIFT_ACTIVE_COMPILATION_CONDITIONS = DEBUG;
				SWIFT_OPTIMIZATION_LEVEL = "-Onone";
			};
			name = Debug;
		};
		96AEADA41F063BA1003D89E9 /* Release */ = {
			isa = XCBuildConfiguration;
			buildSettings = {
				ALWAYS_SEARCH_USER_PATHS = NO;
				CLANG_ANALYZER_NONNULL = YES;
				CLANG_ANALYZER_NUMBER_OBJECT_CONVERSION = YES_AGGRESSIVE;
				CLANG_CXX_LANGUAGE_STANDARD = "gnu++0x";
				CLANG_CXX_LIBRARY = "libc++";
				CLANG_ENABLE_MODULES = YES;
				CLANG_ENABLE_OBJC_ARC = YES;
				CLANG_WARN_BOOL_CONVERSION = YES;
				CLANG_WARN_CONSTANT_CONVERSION = YES;
				CLANG_WARN_DIRECT_OBJC_ISA_USAGE = YES_ERROR;
				CLANG_WARN_DOCUMENTATION_COMMENTS = YES;
				CLANG_WARN_EMPTY_BODY = YES;
				CLANG_WARN_ENUM_CONVERSION = YES;
				CLANG_WARN_INFINITE_RECURSION = YES;
				CLANG_WARN_INT_CONVERSION = YES;
				CLANG_WARN_OBJC_ROOT_CLASS = YES_ERROR;
				CLANG_WARN_SUSPICIOUS_MOVE = YES;
				CLANG_WARN_UNREACHABLE_CODE = YES;
				CLANG_WARN__DUPLICATE_METHOD_MATCH = YES;
				"CODE_SIGN_IDENTITY[sdk=iphoneos*]" = "iPhone Developer";
				COPY_PHASE_STRIP = NO;
				DEBUG_INFORMATION_FORMAT = "dwarf-with-dsym";
				ENABLE_NS_ASSERTIONS = NO;
				ENABLE_STRICT_OBJC_MSGSEND = YES;
				GCC_C_LANGUAGE_STANDARD = gnu99;
				GCC_NO_COMMON_BLOCKS = YES;
				GCC_WARN_64_TO_32_BIT_CONVERSION = YES;
				GCC_WARN_ABOUT_RETURN_TYPE = YES_ERROR;
				GCC_WARN_UNDECLARED_SELECTOR = YES;
				GCC_WARN_UNINITIALIZED_AUTOS = YES_AGGRESSIVE;
				GCC_WARN_UNUSED_FUNCTION = YES;
				GCC_WARN_UNUSED_VARIABLE = YES;
				IPHONEOS_DEPLOYMENT_TARGET = 10.3;
				MTL_ENABLE_DEBUG_INFO = NO;
				SDKROOT = iphoneos;
				SWIFT_OPTIMIZATION_LEVEL = "-Owholemodule";
				VALIDATE_PRODUCT = YES;
			};
			name = Release;
		};
		96AEADA61F063BA1003D89E9 /* Debug */ = {
			isa = XCBuildConfiguration;
			buildSettings = {
				ASSETCATALOG_COMPILER_APPICON_NAME = AppIcon;
				CLANG_ENABLE_MODULES = YES;
				INFOPLIST_FILE = SJRunLoopDemo1/Info.plist;
				LD_RUNPATH_SEARCH_PATHS = "$(inherited) @executable_path/Frameworks";
				PRODUCT_BUNDLE_IDENTIFIER = com.sdp.SJRunLoopDemo1;
				PRODUCT_NAME = "$(TARGET_NAME)";
				SWIFT_OBJC_BRIDGING_HEADER = "SJRunLoopDemo1/SJRunLoopDemo1-Bridging-Header.h";
				SWIFT_OPTIMIZATION_LEVEL = "-Onone";
				SWIFT_VERSION = 3.0;
			};
			name = Debug;
		};
		96AEADA71F063BA1003D89E9 /* Release */ = {
			isa = XCBuildConfiguration;
			buildSettings = {
				ASSETCATALOG_COMPILER_APPICON_NAME = AppIcon;
				CLANG_ENABLE_MODULES = YES;
				INFOPLIST_FILE = SJRunLoopDemo1/Info.plist;
				LD_RUNPATH_SEARCH_PATHS = "$(inherited) @executable_path/Frameworks";
				PRODUCT_BUNDLE_IDENTIFIER = com.sdp.SJRunLoopDemo1;
				PRODUCT_NAME = "$(TARGET_NAME)";
				SWIFT_OBJC_BRIDGING_HEADER = "SJRunLoopDemo1/SJRunLoopDemo1-Bridging-Header.h";
				SWIFT_VERSION = 3.0;
			};
			name = Release;
		};
/* End XCBuildConfiguration section */

/* Begin XCConfigurationList section */
		96AEAD8E1F063BA1003D89E9 /* Build configuration list for PBXProject "SJRunLoopDemo1" */ = {
			isa = XCConfigurationList;
			buildConfigurations = (
				96AEADA31F063BA1003D89E9 /* Debug */,
				96AEADA41F063BA1003D89E9 /* Release */,
			);
			defaultConfigurationIsVisible = 0;
			defaultConfigurationName = Release;
		};
		96AEADA51F063BA1003D89E9 /* Build configuration list for PBXNativeTarget "SJRunLoopDemo1" */ = {
			isa = XCConfigurationList;
			buildConfigurations = (
				96AEADA61F063BA1003D89E9 /* Debug */,
				96AEADA71F063BA1003D89E9 /* Release */,
			);
			defaultConfigurationIsVisible = 0;
		};
/* End XCConfigurationList section */
	};
	rootObject = 96AEAD8B1F063BA1003D89E9 /* Project object */;
}
